// !$*UTF8*$!
{
	archiveVersion = 1;
	classes = {
	};
	objectVersion = 56;
	objects = {

/* Begin PBXBuildFile section */
		83C086182E4964E100166539 /* 08.m4a in Resources */ = {isa = PBXBuildFile; fileRef = 83C086172E4964E100166539 /* 08.m4a */; };
		83C7F7E82E0258D300584930 /* 04.m4a in Resources */ = {isa = PBXBuildFile; fileRef = 83C7F7E32E0258D300584930 /* 04.m4a */; };
		83C7F7E92E0258D300584930 /* 05.m4a in Resources */ = {isa = PBXBuildFile; fileRef = 83C7F7E42E0258D300584930 /* 05.m4a */; };
		83C7F7EA2E0258D300584930 /* 01.m4a in Resources */ = {isa = PBXBuildFile; fileRef = 83C7F7E02E0258D300584930 /* 01.m4a */; };
		83C7F7EB2E0258D300584930 /* 07.m4a in Resources */ = {isa = PBXBuildFile; fileRef = 83C7F7E62E0258D300584930 /* 07.m4a */; };
		83C7F7EC2E0258D300584930 /* 06.m4a in Resources */ = {isa = PBXBuildFile; fileRef = 83C7F7E52E0258D300584930 /* 06.m4a */; };
		83C7F7ED2E0258D300584930 /* 02.m4a in Resources */ = {isa = PBXBuildFile; fileRef = 83C7F7E12E0258D300584930 /* 02.m4a */; };
		83C7F7EE2E0258D300584930 /* 03.m4a in Resources */ = {isa = PBXBuildFile; fileRef = 83C7F7E22E0258D300584930 /* 03.m4a */; };
		83DCD32E2B42D2740094C668 /* AmimodApp.swift in Sources */ = {isa = PBXBuildFile; fileRef = 83DCD32D2B42D2740094C668 /* AmimodApp.swift */; };
		83DCD3302B42D2740094C668 /* ContentView.swift in Sources */ = {isa = PBXBuildFile; fileRef = 83DCD32F2B42D2740094C668 /* ContentView.swift */; };
		83DCD3322B42D2750094C668 /* Assets.xcassets in Resources */ = {isa = PBXBuildFile; fileRef = 83DCD3312B42D2750094C668 /* Assets.xcassets */; };
		83DCD3472B42D4820094C668 /* AudioManager.swift in Sources */ = {isa = PBXBuildFile; fileRef = 83DCD3462B42D4820094C668 /* AudioManager.swift */; };
		83DCD34C2B42D7DD0094C668 /* HexPatch.swift in Sources */ = {isa = PBXBuildFile; fileRef = 83DCD34B2B42D7DD0094C668 /* HexPatch.swift */; };
/* End PBXBuildFile section */

/* Begin PBXFileReference section */
		83C086172E4964E100166539 /* 08.m4a */ = {isa = PBXFileReference; lastKnownFileType = file; path = 08.m4a; sourceTree = "<group>"; };
		83C7F7E02E0258D300584930 /* 01.m4a */ = {isa = PBXFileReference; lastKnownFileType = file; path = 01.m4a; sourceTree = "<group>"; };
		83C7F7E12E0258D300584930 /* 02.m4a */ = {isa = PBXFileReference; lastKnownFileType = file; path = 02.m4a; sourceTree = "<group>"; };
		83C7F7E22E0258D300584930 /* 03.m4a */ = {isa = PBXFileReference; lastKnownFileType = file; path = 03.m4a; sourceTree = "<group>"; };
		83C7F7E32E0258D300584930 /* 04.m4a */ = {isa = PBXFileReference; lastKnownFileType = file; path = 04.m4a; sourceTree = "<group>"; };
		83C7F7E42E0258D300584930 /* 05.m4a */ = {isa = PBXFileReference; lastKnownFileType = file; path = 05.m4a; sourceTree = "<group>"; };
		83C7F7E52E0258D300584930 /* 06.m4a */ = {isa = PBXFileReference; lastKnownFileType = file; path = 06.m4a; sourceTree = "<group>"; };
		83C7F7E62E0258D300584930 /* 07.m4a */ = {isa = PBXFileReference; lastKnownFileType = file; path = 07.m4a; sourceTree = "<group>"; };
		83DCD32D2B42D2740094C668 /* AmimodApp.swift */ = {isa = PBXFileReference; lastKnownFileType = sourcecode.swift; path = AmimodApp.swift; sourceTree = "<group>"; };
		83DCD32F2B42D2740094C668 /* ContentView.swift */ = {isa = PBXFileReference; lastKnownFileType = sourcecode.swift; path = ContentView.swift; sourceTree = "<group>"; };
		83DCD3312B42D2750094C668 /* Assets.xcassets */ = {isa = PBXFileReference; lastKnownFileType = folder.assetcatalog; path = Assets.xcassets; sourceTree = "<group>"; };
		83DCD3362B42D2750094C668 /* Amimod.entitlements */ = {isa = PBXFileReference; lastKnownFileType = text.plist.entitlements; path = Amimod.entitlements; sourceTree = "<group>"; };
		83DCD3462B42D4820094C668 /* AudioManager.swift */ = {isa = PBXFileReference; fileEncoding = 4; lastKnownFileType = sourcecode.swift; path = AudioManager.swift; sourceTree = "<group>"; };
		83DCD34B2B42D7DD0094C668 /* HexPatch.swift */ = {isa = PBXFileReference; lastKnownFileType = sourcecode.swift; path = HexPatch.swift; sourceTree = "<group>"; };
		83F7BDE42E157B370089A849 /* Amimod.app */ = {isa = PBXFileReference; explicitFileType = wrapper.application; includeInIndex = 0; path = Amimod.app; sourceTree = BUILT_PRODUCTS_DIR; };
/* End PBXFileReference section */

/* Begin PBXFrameworksBuildPhase section */
		83DCD3272B42D2740094C668 /* Frameworks */ = {
			isa = PBXFrameworksBuildPhase;
			buildActionMask = 2147483647;
			files = (
			);
			runOnlyForDeploymentPostprocessing = 0;
		};
/* End PBXFrameworksBuildPhase section */

/* Begin PBXGroup section */
		83C7F7E72E0258D300584930 /* Music */ = {
			isa = PBXGroup;
			children = (
				83C7F7E02E0258D300584930 /* 01.m4a */,
				83C7F7E12E0258D300584930 /* 02.m4a */,
				83C7F7E22E0258D300584930 /* 03.m4a */,
				83C7F7E32E0258D300584930 /* 04.m4a */,
				83C7F7E42E0258D300584930 /* 05.m4a */,
				83C7F7E52E0258D300584930 /* 06.m4a */,
				83C7F7E62E0258D300584930 /* 07.m4a */,
				83C086172E4964E100166539 /* 08.m4a */,
			);
			path = Music;
			sourceTree = "<group>";
		};
		83DCD3212B42D2740094C668 = {
			isa = PBXGroup;
			children = (
				83DCD32C2B42D2740094C668 /* Amimod */,
				83C7F7E72E0258D300584930 /* Music */,
				83F7BDE42E157B370089A849 /* Amimod.app */,
			);
			sourceTree = "<group>";
		};
		83DCD32C2B42D2740094C668 /* Amimod */ = {
			isa = PBXGroup;
			children = (
				83DCD34B2B42D7DD0094C668 /* HexPatch.swift */,
				83DCD3462B42D4820094C668 /* AudioManager.swift */,
				83DCD32D2B42D2740094C668 /* AmimodApp.swift */,
				83DCD32F2B42D2740094C668 /* ContentView.swift */,
				83DCD3312B42D2750094C668 /* Assets.xcassets */,
				83DCD3362B42D2750094C668 /* Amimod.entitlements */,
			);
			path = Amimod;
			sourceTree = "<group>";
		};
/* End PBXGroup section */

/* Begin PBXNativeTarget section */
		83DCD3292B42D2740094C668 /* Amimod */ = {
			isa = PBXNativeTarget;
			buildConfigurationList = 83DCD3392B42D2750094C668 /* Build configuration list for PBXNativeTarget "Amimod" */;
			buildPhases = (
				83DCD3262B42D2740094C668 /* Sources */,
				83DCD3272B42D2740094C668 /* Frameworks */,
				83DCD3282B42D2740094C668 /* Resources */,
			);
			buildRules = (
			);
			dependencies = (
			);
			name = Amimod;
			productName = Amimod;
			productReference = 83F7BDE42E157B370089A849 /* Amimod.app */;
			productType = "com.apple.product-type.application";
		};
/* End PBXNativeTarget section */

/* Begin PBXProject section */
		83DCD3222B42D2740094C668 /* Project object */ = {
			isa = PBXProject;
			attributes = {
				BuildIndependentTargetsInParallel = 1;
				LastSwiftUpdateCheck = 1510;
				LastUpgradeCheck = 1610;
				TargetAttributes = {
					83DCD3292B42D2740094C668 = {
						CreatedOnToolsVersion = 15.1;
						LastSwiftMigration = 1610;
					};
				};
			};
			buildConfigurationList = 83DCD3252B42D2740094C668 /* Build configuration list for PBXProject "Amimod" */;
			compatibilityVersion = "Xcode 14.0";
			developmentRegion = en;
			hasScannedForEncodings = 0;
			knownRegions = (
				en,
				Base,
			);
			mainGroup = 83DCD3212B42D2740094C668;
			productRefGroup = 83DCD3212B42D2740094C668;
			projectDirPath = "";
			projectRoot = "";
			targets = (
				83DCD3292B42D2740094C668 /* Amimod */,
			);
		};
/* End PBXProject section */

/* Begin PBXResourcesBuildPhase section */
		83DCD3282B42D2740094C668 /* Resources */ = {
			isa = PBXResourcesBuildPhase;
			buildActionMask = 2147483647;
			files = (
				83C7F7E82E0258D300584930 /* 04.m4a in Resources */,
				83C7F7E92E0258D300584930 /* 05.m4a in Resources */,
				83C7F7EA2E0258D300584930 /* 01.m4a in Resources */,
				83C7F7EB2E0258D300584930 /* 07.m4a in Resources */,
				83C7F7EC2E0258D300584930 /* 06.m4a in Resources */,
				83C7F7ED2E0258D300584930 /* 02.m4a in Resources */,
				83C7F7EE2E0258D300584930 /* 03.m4a in Resources */,
				83C086182E4964E100166539 /* 08.m4a in Resources */,
				83DCD3322B42D2750094C668 /* Assets.xcassets in Resources */,
			);
			runOnlyForDeploymentPostprocessing = 0;
		};
/* End PBXResourcesBuildPhase section */

/* Begin PBXSourcesBuildPhase section */
		83DCD3262B42D2740094C668 /* Sources */ = {
			isa = PBXSourcesBuildPhase;
			buildActionMask = 2147483647;
			files = (
				83DCD3472B42D4820094C668 /* AudioManager.swift in Sources */,
				83DCD3302B42D2740094C668 /* ContentView.swift in Sources */,
				83DCD34C2B42D7DD0094C668 /* HexPatch.swift in Sources */,
				83DCD32E2B42D2740094C668 /* AmimodApp.swift in Sources */,
			);
			runOnlyForDeploymentPostprocessing = 0;
		};
/* End PBXSourcesBuildPhase section */

/* Begin XCBuildConfiguration section */
		83DCD3372B42D2750094C668 /* Debug */ = {
			isa = XCBuildConfiguration;
			buildSettings = {
				ALWAYS_SEARCH_USER_PATHS = NO;
				ASSETCATALOG_COMPILER_GENERATE_SWIFT_ASSET_SYMBOL_EXTENSIONS = YES;
				CLANG_ANALYZER_NONNULL = YES;
				CLANG_ANALYZER_NUMBER_OBJECT_CONVERSION = YES_AGGRESSIVE;
				CLANG_CXX_LANGUAGE_STANDARD = "gnu++20";
				CLANG_ENABLE_MODULES = YES;
				CLANG_ENABLE_OBJC_ARC = YES;
				CLANG_ENABLE_OBJC_WEAK = YES;
				CLANG_WARN_BLOCK_CAPTURE_AUTORELEASING = YES;
				CLANG_WARN_BOOL_CONVERSION = YES;
				CLANG_WARN_COMMA = YES;
				CLANG_WARN_CONSTANT_CONVERSION = YES;
				CLANG_WARN_DEPRECATED_OBJC_IMPLEMENTATIONS = YES;
				CLANG_WARN_DIRECT_OBJC_ISA_USAGE = YES_ERROR;
				CLANG_WARN_DOCUMENTATION_COMMENTS = YES;
				CLANG_WARN_EMPTY_BODY = YES;
				CLANG_WARN_ENUM_CONVERSION = YES;
				CLANG_WARN_INFINITE_RECURSION = YES;
				CLANG_WARN_INT_CONVERSION = YES;
				CLANG_WARN_NON_LITERAL_NULL_CONVERSION = YES;
				CLANG_WARN_OBJC_IMPLICIT_RETAIN_SELF = YES;
				CLANG_WARN_OBJC_LITERAL_CONVERSION = YES;
				CLANG_WARN_OBJC_ROOT_CLASS = YES_ERROR;
				CLANG_WARN_QUOTED_INCLUDE_IN_FRAMEWORK_HEADER = YES;
				CLANG_WARN_RANGE_LOOP_ANALYSIS = YES;
				CLANG_WARN_STRICT_PROTOTYPES = YES;
				CLANG_WARN_SUSPICIOUS_MOVE = YES;
				CLANG_WARN_UNGUARDED_AVAILABILITY = YES_AGGRESSIVE;
				CLANG_WARN_UNREACHABLE_CODE = YES;
				CLANG_WARN__DUPLICATE_METHOD_MATCH = YES;
				COPY_PHASE_STRIP = NO;
				DEAD_CODE_STRIPPING = YES;
				DEBUG_INFORMATION_FORMAT = dwarf;
				ENABLE_STRICT_OBJC_MSGSEND = YES;
				ENABLE_TESTABILITY = YES;
				ENABLE_USER_SCRIPT_SANDBOXING = YES;
				GCC_C_LANGUAGE_STANDARD = gnu17;
				GCC_DYNAMIC_NO_PIC = NO;
				GCC_NO_COMMON_BLOCKS = YES;
				GCC_OPTIMIZATION_LEVEL = 0;
				GCC_PREPROCESSOR_DEFINITIONS = (
					"DEBUG=1",
					"$(inherited)",
				);
				GCC_WARN_64_TO_32_BIT_CONVERSION = YES;
				GCC_WARN_ABOUT_RETURN_TYPE = YES_ERROR;
				GCC_WARN_UNDECLARED_SELECTOR = YES;
				GCC_WARN_UNINITIALIZED_AUTOS = YES_AGGRESSIVE;
				GCC_WARN_UNUSED_FUNCTION = YES;
				GCC_WARN_UNUSED_VARIABLE = YES;
				LOCALIZATION_PREFERS_STRING_CATALOGS = YES;
				MACOSX_DEPLOYMENT_TARGET = 14.2;
				MTL_ENABLE_DEBUG_INFO = INCLUDE_SOURCE;
				MTL_FAST_MATH = YES;
				ONLY_ACTIVE_ARCH = YES;
				SDKROOT = macosx;
				SWIFT_ACTIVE_COMPILATION_CONDITIONS = "DEBUG $(inherited)";
				SWIFT_OPTIMIZATION_LEVEL = "-Onone";
			};
			name = Debug;
		};
		83DCD3382B42D2750094C668 /* Release */ = {
			isa = XCBuildConfiguration;
			buildSettings = {
				ALWAYS_SEARCH_USER_PATHS = NO;
				ASSETCATALOG_COMPILER_GENERATE_SWIFT_ASSET_SYMBOL_EXTENSIONS = YES;
				CLANG_ANALYZER_NONNULL = YES;
				CLANG_ANALYZER_NUMBER_OBJECT_CONVERSION = YES_AGGRESSIVE;
				CLANG_CXX_LANGUAGE_STANDARD = "gnu++20";
				CLANG_ENABLE_MODULES = YES;
				CLANG_ENABLE_OBJC_ARC = YES;
				CLANG_ENABLE_OBJC_WEAK = YES;
				CLANG_WARN_BLOCK_CAPTURE_AUTORELEASING = YES;
				CLANG_WARN_BOOL_CONVERSION = YES;
				CLANG_WARN_COMMA = YES;
				CLANG_WARN_CONSTANT_CONVERSION = YES;
				CLANG_WARN_DEPRECATED_OBJC_IMPLEMENTATIONS = YES;
				CLANG_WARN_DIRECT_OBJC_ISA_USAGE = YES_ERROR;
				CLANG_WARN_DOCUMENTATION_COMMENTS = YES;
				CLANG_WARN_EMPTY_BODY = YES;
				CLANG_WARN_ENUM_CONVERSION = YES;
				CLANG_WARN_INFINITE_RECURSION = YES;
				CLANG_WARN_INT_CONVERSION = YES;
				CLANG_WARN_NON_LITERAL_NULL_CONVERSION = YES;
				CLANG_WARN_OBJC_IMPLICIT_RETAIN_SELF = YES;
				CLANG_WARN_OBJC_LITERAL_CONVERSION = YES;
				CLANG_WARN_OBJC_ROOT_CLASS = YES_ERROR;
				CLANG_WARN_QUOTED_INCLUDE_IN_FRAMEWORK_HEADER = YES;
				CLANG_WARN_RANGE_LOOP_ANALYSIS = YES;
				CLANG_WARN_STRICT_PROTOTYPES = YES;
				CLANG_WARN_SUSPICIOUS_MOVE = YES;
				CLANG_WARN_UNGUARDED_AVAILABILITY = YES_AGGRESSIVE;
				CLANG_WARN_UNREACHABLE_CODE = YES;
				CLANG_WARN__DUPLICATE_METHOD_MATCH = YES;
				COPY_PHASE_STRIP = NO;
				DEAD_CODE_STRIPPING = YES;
				DEBUG_INFORMATION_FORMAT = "dwarf-with-dsym";
				ENABLE_NS_ASSERTIONS = NO;
				ENABLE_STRICT_OBJC_MSGSEND = YES;
				ENABLE_USER_SCRIPT_SANDBOXING = YES;
				GCC_C_LANGUAGE_STANDARD = gnu17;
				GCC_NO_COMMON_BLOCKS = YES;
				GCC_WARN_64_TO_32_BIT_CONVERSION = YES;
				GCC_WARN_ABOUT_RETURN_TYPE = YES_ERROR;
				GCC_WARN_UNDECLARED_SELECTOR = YES;
				GCC_WARN_UNINITIALIZED_AUTOS = YES_AGGRESSIVE;
				GCC_WARN_UNUSED_FUNCTION = YES;
				GCC_WARN_UNUSED_VARIABLE = YES;
				LOCALIZATION_PREFERS_STRING_CATALOGS = YES;
				MACOSX_DEPLOYMENT_TARGET = 14.2;
				MTL_ENABLE_DEBUG_INFO = NO;
				MTL_FAST_MATH = YES;
				SDKROOT = macosx;
				SWIFT_COMPILATION_MODE = wholemodule;
			};
			name = Release;
		};
		83DCD33A2B42D2750094C668 /* Debug */ = {
			isa = XCBuildConfiguration;
			buildSettings = {
				ASSETCATALOG_COMPILER_APPICON_NAME = AppIcon;
				ASSETCATALOG_COMPILER_GLOBAL_ACCENT_COLOR_NAME = AccentColor;
				ASSETCATALOG_COMPILER_INCLUDE_ALL_APPICON_ASSETS = YES;
				CLANG_ENABLE_MODULES = YES;
				CODE_SIGN_ENTITLEMENTS = Amimod/Amimod.entitlements;
				CODE_SIGN_IDENTITY = "Apple Development";
				"CODE_SIGN_IDENTITY[sdk=macosx*]" = "-";
				CODE_SIGN_STYLE = Automatic;
				COMBINE_HIDPI_IMAGES = YES;
				DEAD_CODE_STRIPPING = YES;
				DEVELOPMENT_ASSET_PATHS = "";
				DEVELOPMENT_TEAM = "";
				ENABLE_HARDENED_RUNTIME = YES;
				ENABLE_PREVIEWS = YES;
				GCC_OPTIMIZATION_LEVEL = fast;
				GENERATE_INFOPLIST_FILE = YES;
				INFOPLIST_KEY_CFBundleDisplayName = Amimod;
				INFOPLIST_KEY_LSApplicationCategoryType = "public.app-category.utilities";
				INFOPLIST_KEY_NSHumanReadableCopyright = "Copyright © 2025 TEAM EDiSO";
				LD_RUNPATH_SEARCH_PATHS = (
					"$(inherited)",
					"@executable_path/../Frameworks",
				);
				LIBRARY_SEARCH_PATHS = (
					"$(inherited)",
					"$(PROJECT_DIR)/Amimod",
					"$(PROJECT_DIR)",
				);
				MACOSX_DEPLOYMENT_TARGET = 11.0;
				MARKETING_VERSION = 1.3.4;
				PRODUCT_BUNDLE_IDENTIFIER = team.ediso.Amimod;
				PRODUCT_NAME = "$(TARGET_NAME)";
				PROVISIONING_PROFILE_SPECIFIER = "";
				SWIFT_EMIT_LOC_STRINGS = YES;
				SWIFT_OBJC_BRIDGING_HEADER = "";
				SWIFT_OPTIMIZATION_LEVEL = "-Onone";
				SWIFT_VERSION = 5.0;
			};
			name = Debug;
		};
		83DCD33B2B42D2750094C668 /* Release */ = {
			isa = XCBuildConfiguration;
			buildSettings = {
				ASSETCATALOG_COMPILER_APPICON_NAME = AppIcon;
				ASSETCATALOG_COMPILER_GLOBAL_ACCENT_COLOR_NAME = AccentColor;
				ASSETCATALOG_COMPILER_INCLUDE_ALL_APPICON_ASSETS = YES;
				CLANG_ENABLE_MODULES = YES;
				CODE_SIGN_ENTITLEMENTS = Amimod/Amimod.entitlements;
				CODE_SIGN_IDENTITY = "Apple Development";
				"CODE_SIGN_IDENTITY[sdk=macosx*]" = "-";
				CODE_SIGN_STYLE = Automatic;
				COMBINE_HIDPI_IMAGES = YES;
				DEAD_CODE_STRIPPING = YES;
				DEVELOPMENT_ASSET_PATHS = "";
				DEVELOPMENT_TEAM = "";
				ENABLE_HARDENED_RUNTIME = YES;
				ENABLE_PREVIEWS = YES;
				GCC_OPTIMIZATION_LEVEL = fast;
				GENERATE_INFOPLIST_FILE = YES;
				INFOPLIST_KEY_CFBundleDisplayName = Amimod;
				INFOPLIST_KEY_LSApplicationCategoryType = "public.app-category.utilities";
				INFOPLIST_KEY_NSHumanReadableCopyright = "Copyright © 2025 TEAM EDiSO";
				LD_RUNPATH_SEARCH_PATHS = (
					"$(inherited)",
					"@executable_path/../Frameworks",
				);
				LIBRARY_SEARCH_PATHS = (
					"$(inherited)",
					"$(PROJECT_DIR)/Amimod",
					"$(PROJECT_DIR)",
				);
				MACOSX_DEPLOYMENT_TARGET = 11.0;
				MARKETING_VERSION = 1.3.4;
				PRODUCT_BUNDLE_IDENTIFIER = team.ediso.Amimod;
				PRODUCT_NAME = "$(TARGET_NAME)";
				PROVISIONING_PROFILE_SPECIFIER = "";
				SWIFT_EMIT_LOC_STRINGS = YES;
				SWIFT_OBJC_BRIDGING_HEADER = "";
				SWIFT_VERSION = 5.0;
			};
			name = Release;
		};
/* End XCBuildConfiguration section */

/* Begin XCConfigurationList section */
		83DCD3252B42D2740094C668 /* Build configuration list for PBXProject "Amimod" */ = {
			isa = XCConfigurationList;
			buildConfigurations = (
				83DCD3372B42D2750094C668 /* Debug */,
				83DCD3382B42D2750094C668 /* Release */,
			);
			defaultConfigurationIsVisible = 0;
			defaultConfigurationName = Release;
		};
		83DCD3392B42D2750094C668 /* Build configuration list for PBXNativeTarget "Amimod" */ = {
			isa = XCConfigurationList;
			buildConfigurations = (
				83DCD33A2B42D2750094C668 /* Debug */,
				83DCD33B2B42D2750094C668 /* Release */,
			);
			defaultConfigurationIsVisible = 0;
			defaultConfigurationName = Release;
		};
/* End XCConfigurationList section */
	};
	rootObject = 83DCD3222B42D2740094C668 /* Project object */;
}
